// !$*UTF8*$!
{
	archiveVersion = 1;
	classes = {
	};
	objectVersion = 46;
	objects = {

/* Begin PBXBuildFile section */
		3F25E4C61F41C2CA00D62AF3 /* main.m in Sources */ = {isa = PBXBuildFile; fileRef = 3F25E4C51F41C2CA00D62AF3 /* main.m */; };
		3F25E4C91F41C2CA00D62AF3 /* AppDelegate.m in Sources */ = {isa = PBXBuildFile; fileRef = 3F25E4C81F41C2CA00D62AF3 /* AppDelegate.m */; };
		3F25E4CC1F41C2CA00D62AF3 /* ViewController.m in Sources */ = {isa = PBXBuildFile; fileRef = 3F25E4CB1F41C2CA00D62AF3 /* ViewController.m */; };
		3F25E4CF1F41C2CA00D62AF3 /* Main.storyboard in Resources */ = {isa = PBXBuildFile; fileRef = 3F25E4CD1F41C2CA00D62AF3 /* Main.storyboard */; };
		3F25E4D11F41C2CA00D62AF3 /* Assets.xcassets in Resources */ = {isa = PBXBuildFile; fileRef = 3F25E4D01F41C2CA00D62AF3 /* Assets.xcassets */; };
		3F25E4D41F41C2CA00D62AF3 /* LaunchScreen.storyboard in Resources */ = {isa = PBXBuildFile; fileRef = 3F25E4D21F41C2CA00D62AF3 /* LaunchScreen.storyboard */; };
		3F25E4DF1F41C2CB00D62AF3 /* ZXYCalendarTests.m in Sources */ = {isa = PBXBuildFile; fileRef = 3F25E4DE1F41C2CB00D62AF3 /* ZXYCalendarTests.m */; };
		3F25E4EA1F41C2CB00D62AF3 /* ZXYCalendarUITests.m in Sources */ = {isa = PBXBuildFile; fileRef = 3F25E4E91F41C2CB00D62AF3 /* ZXYCalendarUITests.m */; };
		3F25E5031F41C35400D62AF3 /* occupyModel.m in Sources */ = {isa = PBXBuildFile; fileRef = 3F25E4FC1F41C35400D62AF3 /* occupyModel.m */; };
		3F25E5041F41C35400D62AF3 /* ZFChooseTimeCollectionViewCell.xib in Resources */ = {isa = PBXBuildFile; fileRef = 3F25E4FD1F41C35400D62AF3 /* ZFChooseTimeCollectionViewCell.xib */; };
		3F25E5051F41C35400D62AF3 /* ZFTimerCollectionReusableView.m in Sources */ = {isa = PBXBuildFile; fileRef = 3F25E4FE1F41C35400D62AF3 /* ZFTimerCollectionReusableView.m */; };
		3F25E5061F41C35400D62AF3 /* ZFTimerCollectionReusableView.xib in Resources */ = {isa = PBXBuildFile; fileRef = 3F25E4FF1F41C35400D62AF3 /* ZFTimerCollectionReusableView.xib */; };
		3F25E5071F41C35400D62AF3 /* ChangeColor.m in Sources */ = {isa = PBXBuildFile; fileRef = 3F25E5011F41C35400D62AF3 /* ChangeColor.m */; };
		3F25E5081F41C35400D62AF3 /* ZFChooseTimeCollectionViewCell.m in Sources */ = {isa = PBXBuildFile; fileRef = 3F25E5021F41C35400D62AF3 /* ZFChooseTimeCollectionViewCell.m */; };
		3F25E50A1F41C46900D62AF3 /* ZFChooseTimeViewController.m in Sources */ = {isa = PBXBuildFile; fileRef = 3F25E5091F41C46900D62AF3 /* ZFChooseTimeViewController.m */; };
/* End PBXBuildFile section */

/* Begin PBXContainerItemProxy section */
		3F25E4DB1F41C2CB00D62AF3 /* PBXContainerItemProxy */ = {
			isa = PBXContainerItemProxy;
			containerPortal = 3F25E4B91F41C2CA00D62AF3 /* Project object */;
			proxyType = 1;
			remoteGlobalIDString = 3F25E4C01F41C2CA00D62AF3;
			remoteInfo = ZXYCalendar;
		};
		3F25E4E61F41C2CB00D62AF3 /* PBXContainerItemProxy */ = {
			isa = PBXContainerItemProxy;
			containerPortal = 3F25E4B91F41C2CA00D62AF3 /* Project object */;
			proxyType = 1;
			remoteGlobalIDString = 3F25E4C01F41C2CA00D62AF3;
			remoteInfo = ZXYCalendar;
		};
/* End PBXContainerItemProxy section */

/* Begin PBXFileReference section */
		3F25E4C11F41C2CA00D62AF3 /* ZXYCalendar.app */ = {isa = PBXFileReference; explicitFileType = wrapper.application; includeInIndex = 0; path = ZXYCalendar.app; sourceTree = BUILT_PRODUCTS_DIR; };
		3F25E4C51F41C2CA00D62AF3 /* main.m */ = {isa = PBXFileReference; lastKnownFileType = sourcecode.c.objc; path = main.m; sourceTree = "<group>"; };
		3F25E4C71F41C2CA00D62AF3 /* AppDelegate.h */ = {isa = PBXFileReference; lastKnownFileType = sourcecode.c.h; path = AppDelegate.h; sourceTree = "<group>"; };
		3F25E4C81F41C2CA00D62AF3 /* AppDelegate.m */ = {isa = PBXFileReference; lastKnownFileType = sourcecode.c.objc; path = AppDelegate.m; sourceTree = "<group>"; };
		3F25E4CA1F41C2CA00D62AF3 /* ViewController.h */ = {isa = PBXFileReference; lastKnownFileType = sourcecode.c.h; path = ViewController.h; sourceTree = "<group>"; };
		3F25E4CB1F41C2CA00D62AF3 /* ViewController.m */ = {isa = PBXFileReference; lastKnownFileType = sourcecode.c.objc; path = ViewController.m; sourceTree = "<group>"; };
		3F25E4CE1F41C2CA00D62AF3 /* Base */ = {isa = PBXFileReference; lastKnownFileType = file.storyboard; name = Base; path = Base.lproj/Main.storyboard; sourceTree = "<group>"; };
		3F25E4D01F41C2CA00D62AF3 /* Assets.xcassets */ = {isa = PBXFileReference; lastKnownFileType = folder.assetcatalog; path = Assets.xcassets; sourceTree = "<group>"; };
		3F25E4D31F41C2CA00D62AF3 /* Base */ = {isa = PBXFileReference; lastKnownFileType = file.storyboard; name = Base; path = Base.lproj/LaunchScreen.storyboard; sourceTree = "<group>"; };
		3F25E4D51F41C2CA00D62AF3 /* Info.plist */ = {isa = PBXFileReference; lastKnownFileType = text.plist.xml; path = Info.plist; sourceTree = "<group>"; };
		3F25E4DA1F41C2CB00D62AF3 /* ZXYCalendarTests.xctest */ = {isa = PBXFileReference; explicitFileType = wrapper.cfbundle; includeInIndex = 0; path = ZXYCalendarTests.xctest; sourceTree = BUILT_PRODUCTS_DIR; };
		3F25E4DE1F41C2CB00D62AF3 /* ZXYCalendarTests.m */ = {isa = PBXFileReference; lastKnownFileType = sourcecode.c.objc; path = ZXYCalendarTests.m; sourceTree = "<group>"; };
		3F25E4E01F41C2CB00D62AF3 /* Info.plist */ = {isa = PBXFileReference; lastKnownFileType = text.plist.xml; path = Info.plist; sourceTree = "<group>"; };
		3F25E4E51F41C2CB00D62AF3 /* ZXYCalendarUITests.xctest */ = {isa = PBXFileReference; explicitFileType = wrapper.cfbundle; includeInIndex = 0; path = ZXYCalendarUITests.xctest; sourceTree = BUILT_PRODUCTS_DIR; };
		3F25E4E91F41C2CB00D62AF3 /* ZXYCalendarUITests.m */ = {isa = PBXFileReference; lastKnownFileType = sourcecode.c.objc; path = ZXYCalendarUITests.m; sourceTree = "<group>"; };
		3F25E4EB1F41C2CB00D62AF3 /* Info.plist */ = {isa = PBXFileReference; lastKnownFileType = text.plist.xml; path = Info.plist; sourceTree = "<group>"; };
		3F25E4F81F41C35400D62AF3 /* ZFChooseTimeCollectionViewCell.h */ = {isa = PBXFileReference; fileEncoding = 4; lastKnownFileType = sourcecode.c.h; path = ZFChooseTimeCollectionViewCell.h; sourceTree = "<group>"; };
		3F25E4F91F41C35400D62AF3 /* ZFChooseTimeViewController.h */ = {isa = PBXFileReference; fileEncoding = 4; lastKnownFileType = sourcecode.c.h; path = ZFChooseTimeViewController.h; sourceTree = "<group>"; };
		3F25E4FA1F41C35400D62AF3 /* ZFTimerCollectionReusableView.h */ = {isa = PBXFileReference; fileEncoding = 4; lastKnownFileType = sourcecode.c.h; path = ZFTimerCollectionReusableView.h; sourceTree = "<group>"; };
		3F25E4FB1F41C35400D62AF3 /* occupyModel.h */ = {isa = PBXFileReference; fileEncoding = 4; lastKnownFileType = sourcecode.c.h; path = occupyModel.h; sourceTree = "<group>"; };
		3F25E4FC1F41C35400D62AF3 /* occupyModel.m */ = {isa = PBXFileReference; fileEncoding = 4; lastKnownFileType = sourcecode.c.objc; path = occupyModel.m; sourceTree = "<group>"; };
		3F25E4FD1F41C35400D62AF3 /* ZFChooseTimeCollectionViewCell.xib */ = {isa = PBXFileReference; fileEncoding = 4; lastKnownFileType = file.xib; path = ZFChooseTimeCollectionViewCell.xib; sourceTree = "<group>"; };
		3F25E4FE1F41C35400D62AF3 /* ZFTimerCollectionReusableView.m */ = {isa = PBXFileReference; fileEncoding = 4; lastKnownFileType = sourcecode.c.objc; path = ZFTimerCollectionReusableView.m; sourceTree = "<group>"; };
		3F25E4FF1F41C35400D62AF3 /* ZFTimerCollectionReusableView.xib */ = {isa = PBXFileReference; fileEncoding = 4; lastKnownFileType = file.xib; path = ZFTimerCollectionReusableView.xib; sourceTree = "<group>"; };
		3F25E5001F41C35400D62AF3 /* ChangeColor.h */ = {isa = PBXFileReference; fileEncoding = 4; lastKnownFileType = sourcecode.c.h; path = ChangeColor.h; sourceTree = "<group>"; };
		3F25E5011F41C35400D62AF3 /* ChangeColor.m */ = {isa = PBXFileReference; fileEncoding = 4; lastKnownFileType = sourcecode.c.objc; path = ChangeColor.m; sourceTree = "<group>"; };
		3F25E5021F41C35400D62AF3 /* ZFChooseTimeCollectionViewCell.m */ = {isa = PBXFileReference; fileEncoding = 4; lastKnownFileType = sourcecode.c.objc; path = ZFChooseTimeCollectionViewCell.m; sourceTree = "<group>"; };
		3F25E5091F41C46900D62AF3 /* ZFChooseTimeViewController.m */ = {isa = PBXFileReference; fileEncoding = 4; lastKnownFileType = sourcecode.c.objc; path = ZFChooseTimeViewController.m; sourceTree = "<group>"; };
/* End PBXFileReference section */

/* Begin PBXFrameworksBuildPhase section */
		3F25E4BE1F41C2CA00D62AF3 /* Frameworks */ = {
			isa = PBXFrameworksBuildPhase;
			buildActionMask = 2147483647;
			files = (
			);
			runOnlyForDeploymentPostprocessing = 0;
		};
		3F25E4D71F41C2CB00D62AF3 /* Frameworks */ = {
			isa = PBXFrameworksBuildPhase;
			buildActionMask = 2147483647;
			files = (
			);
			runOnlyForDeploymentPostprocessing = 0;
		};
		3F25E4E21F41C2CB00D62AF3 /* Frameworks */ = {
			isa = PBXFrameworksBuildPhase;
			buildActionMask = 2147483647;
			files = (
			);
			runOnlyForDeploymentPostprocessing = 0;
		};
/* End PBXFrameworksBuildPhase section */

/* Begin PBXGroup section */
		3F25E4B81F41C2CA00D62AF3 = {
			isa = PBXGroup;
			children = (
				3F25E4F71F41C2D600D62AF3 /* New Group */,
				3F25E4C31F41C2CA00D62AF3 /* ZXYCalendar */,
				3F25E4DD1F41C2CB00D62AF3 /* ZXYCalendarTests */,
				3F25E4E81F41C2CB00D62AF3 /* ZXYCalendarUITests */,
				3F25E4C21F41C2CA00D62AF3 /* Products */,
			);
			sourceTree = "<group>";
		};
		3F25E4C21F41C2CA00D62AF3 /* Products */ = {
			isa = PBXGroup;
			children = (
				3F25E4C11F41C2CA00D62AF3 /* ZXYCalendar.app */,
				3F25E4DA1F41C2CB00D62AF3 /* ZXYCalendarTests.xctest */,
				3F25E4E51F41C2CB00D62AF3 /* ZXYCalendarUITests.xctest */,
			);
			name = Products;
			sourceTree = "<group>";
		};
		3F25E4C31F41C2CA00D62AF3 /* ZXYCalendar */ = {
			isa = PBXGroup;
			children = (
				3F25E4C71F41C2CA00D62AF3 /* AppDelegate.h */,
				3F25E4C81F41C2CA00D62AF3 /* AppDelegate.m */,
				3F25E4CA1F41C2CA00D62AF3 /* ViewController.h */,
				3F25E4CB1F41C2CA00D62AF3 /* ViewController.m */,
				3F25E4CD1F41C2CA00D62AF3 /* Main.storyboard */,
				3F25E4D01F41C2CA00D62AF3 /* Assets.xcassets */,
				3F25E4D21F41C2CA00D62AF3 /* LaunchScreen.storyboard */,
				3F25E4D51F41C2CA00D62AF3 /* Info.plist */,
				3F25E4C41F41C2CA00D62AF3 /* Supporting Files */,
			);
			path = ZXYCalendar;
			sourceTree = "<group>";
		};
		3F25E4C41F41C2CA00D62AF3 /* Supporting Files */ = {
			isa = PBXGroup;
			children = (
				3F25E4C51F41C2CA00D62AF3 /* main.m */,
			);
			name = "Supporting Files";
			sourceTree = "<group>";
		};
		3F25E4DD1F41C2CB00D62AF3 /* ZXYCalendarTests */ = {
			isa = PBXGroup;
			children = (
				3F25E4DE1F41C2CB00D62AF3 /* ZXYCalendarTests.m */,
				3F25E4E01F41C2CB00D62AF3 /* Info.plist */,
			);
			path = ZXYCalendarTests;
			sourceTree = "<group>";
		};
		3F25E4E81F41C2CB00D62AF3 /* ZXYCalendarUITests */ = {
			isa = PBXGroup;
			children = (
				3F25E4E91F41C2CB00D62AF3 /* ZXYCalendarUITests.m */,
				3F25E4EB1F41C2CB00D62AF3 /* Info.plist */,
			);
			path = ZXYCalendarUITests;
			sourceTree = "<group>";
		};
		3F25E4F71F41C2D600D62AF3 /* New Group */ = {
			isa = PBXGroup;
			children = (
				3F25E4F81F41C35400D62AF3 /* ZFChooseTimeCollectionViewCell.h */,
				3F25E5021F41C35400D62AF3 /* ZFChooseTimeCollectionViewCell.m */,
				3F25E4FD1F41C35400D62AF3 /* ZFChooseTimeCollectionViewCell.xib */,
				3F25E4F91F41C35400D62AF3 /* ZFChooseTimeViewController.h */,
				3F25E5091F41C46900D62AF3 /* ZFChooseTimeViewController.m */,
				3F25E4FA1F41C35400D62AF3 /* ZFTimerCollectionReusableView.h */,
				3F25E4FE1F41C35400D62AF3 /* ZFTimerCollectionReusableView.m */,
				3F25E4FF1F41C35400D62AF3 /* ZFTimerCollectionReusableView.xib */,
				3F25E4FB1F41C35400D62AF3 /* occupyModel.h */,
				3F25E4FC1F41C35400D62AF3 /* occupyModel.m */,
				3F25E5001F41C35400D62AF3 /* ChangeColor.h */,
				3F25E5011F41C35400D62AF3 /* ChangeColor.m */,
			);
			name = "New Group";
			sourceTree = "<group>";
		};
/* End PBXGroup section */

/* Begin PBXNativeTarget section */
		3F25E4C01F41C2CA00D62AF3 /* ZXYCalendar */ = {
			isa = PBXNativeTarget;
			buildConfigurationList = 3F25E4EE1F41C2CB00D62AF3 /* Build configuration list for PBXNativeTarget "ZXYCalendar" */;
			buildPhases = (
				3F25E4BD1F41C2CA00D62AF3 /* Sources */,
				3F25E4BE1F41C2CA00D62AF3 /* Frameworks */,
				3F25E4BF1F41C2CA00D62AF3 /* Resources */,
			);
			buildRules = (
			);
			dependencies = (
			);
			name = ZXYCalendar;
			productName = ZXYCalendar;
			productReference = 3F25E4C11F41C2CA00D62AF3 /* ZXYCalendar.app */;
			productType = "com.apple.product-type.application";
		};
		3F25E4D91F41C2CB00D62AF3 /* ZXYCalendarTests */ = {
			isa = PBXNativeTarget;
			buildConfigurationList = 3F25E4F11F41C2CB00D62AF3 /* Build configuration list for PBXNativeTarget "ZXYCalendarTests" */;
			buildPhases = (
				3F25E4D61F41C2CB00D62AF3 /* Sources */,
				3F25E4D71F41C2CB00D62AF3 /* Frameworks */,
				3F25E4D81F41C2CB00D62AF3 /* Resources */,
			);
			buildRules = (
			);
			dependencies = (
				3F25E4DC1F41C2CB00D62AF3 /* PBXTargetDependency */,
			);
			name = ZXYCalendarTests;
			productName = ZXYCalendarTests;
			productReference = 3F25E4DA1F41C2CB00D62AF3 /* ZXYCalendarTests.xctest */;
			productType = "com.apple.product-type.bundle.unit-test";
		};
		3F25E4E41F41C2CB00D62AF3 /* ZXYCalendarUITests */ = {
			isa = PBXNativeTarget;
			buildConfigurationList = 3F25E4F41F41C2CB00D62AF3 /* Build configuration list for PBXNativeTarget "ZXYCalendarUITests" */;
			buildPhases = (
				3F25E4E11F41C2CB00D62AF3 /* Sources */,
				3F25E4E21F41C2CB00D62AF3 /* Frameworks */,
				3F25E4E31F41C2CB00D62AF3 /* Resources */,
			);
			buildRules = (
			);
			dependencies = (
				3F25E4E71F41C2CB00D62AF3 /* PBXTargetDependency */,
			);
			name = ZXYCalendarUITests;
			productName = ZXYCalendarUITests;
			productReference = 3F25E4E51F41C2CB00D62AF3 /* ZXYCalendarUITests.xctest */;
			productType = "com.apple.product-type.bundle.ui-testing";
		};
/* End PBXNativeTarget section */

/* Begin PBXProject section */
		3F25E4B91F41C2CA00D62AF3 /* Project object */ = {
			isa = PBXProject;
			attributes = {
				LastUpgradeCheck = 0830;
				ORGANIZATIONNAME = Macx;
				TargetAttributes = {
					3F25E4C01F41C2CA00D62AF3 = {
						CreatedOnToolsVersion = 8.3.2;
						ProvisioningStyle = Automatic;
					};
					3F25E4D91F41C2CB00D62AF3 = {
						CreatedOnToolsVersion = 8.3.2;
						ProvisioningStyle = Automatic;
						TestTargetID = 3F25E4C01F41C2CA00D62AF3;
					};
					3F25E4E41F41C2CB00D62AF3 = {
						CreatedOnToolsVersion = 8.3.2;
						ProvisioningStyle = Automatic;
						TestTargetID = 3F25E4C01F41C2CA00D62AF3;
					};
				};
			};
			buildConfigurationList = 3F25E4BC1F41C2CA00D62AF3 /* Build configuration list for PBXProject "ZXYCalendar" */;
			compatibilityVersion = "Xcode 3.2";
			developmentRegion = English;
			hasScannedForEncodings = 0;
			knownRegions = (
				en,
				Base,
			);
			mainGroup = 3F25E4B81F41C2CA00D62AF3;
			productRefGroup = 3F25E4C21F41C2CA00D62AF3 /* Products */;
			projectDirPath = "";
			projectRoot = "";
			targets = (
				3F25E4C01F41C2CA00D62AF3 /* ZXYCalendar */,
				3F25E4D91F41C2CB00D62AF3 /* ZXYCalendarTests */,
				3F25E4E41F41C2CB00D62AF3 /* ZXYCalendarUITests */,
			);
		};
/* End PBXProject section */

/* Begin PBXResourcesBuildPhase section */
		3F25E4BF1F41C2CA00D62AF3 /* Resources */ = {
			isa = PBXResourcesBuildPhase;
			buildActionMask = 2147483647;
			files = (
				3F25E5061F41C35400D62AF3 /* ZFTimerCollectionReusableView.xib in Resources */,
				3F25E4D41F41C2CA00D62AF3 /* LaunchScreen.storyboard in Resources */,
				3F25E4D11F41C2CA00D62AF3 /* Assets.xcassets in Resources */,
				3F25E5041F41C35400D62AF3 /* ZFChooseTimeCollectionViewCell.xib in Resources */,
				3F25E4CF1F41C2CA00D62AF3 /* Main.storyboard in Resources */,
			);
			runOnlyForDeploymentPostprocessing = 0;
		};
		3F25E4D81F41C2CB00D62AF3 /* Resources */ = {
			isa = PBXResourcesBuildPhase;
			buildActionMask = 2147483647;
			files = (
			);
			runOnlyForDeploymentPostprocessing = 0;
		};
		3F25E4E31F41C2CB00D62AF3 /* Resources */ = {
			isa = PBXResourcesBuildPhase;
			buildActionMask = 2147483647;
			files = (
			);
			runOnlyForDeploymentPostprocessing = 0;
		};
/* End PBXResourcesBuildPhase section */

/* Begin PBXSourcesBuildPhase section */
		3F25E4BD1F41C2CA00D62AF3 /* Sources */ = {
			isa = PBXSourcesBuildPhase;
			buildActionMask = 2147483647;
			files = (
				3F25E5051F41C35400D62AF3 /* ZFTimerCollectionReusableView.m in Sources */,
				3F25E5031F41C35400D62AF3 /* occupyModel.m in Sources */,
				3F25E4CC1F41C2CA00D62AF3 /* ViewController.m in Sources */,
				3F25E5081F41C35400D62AF3 /* ZFChooseTimeCollectionViewCell.m in Sources */,
				3F25E4C91F41C2CA00D62AF3 /* AppDelegate.m in Sources */,
				3F25E4C61F41C2CA00D62AF3 /* main.m in Sources */,
				3F25E50A1F41C46900D62AF3 /* ZFChooseTimeViewController.m in Sources */,
				3F25E5071F41C35400D62AF3 /* ChangeColor.m in Sources */,
			);
			runOnlyForDeploymentPostprocessing = 0;
		};
		3F25E4D61F41C2CB00D62AF3 /* Sources */ = {
			isa = PBXSourcesBuildPhase;
			buildActionMask = 2147483647;
			files = (
				3F25E4DF1F41C2CB00D62AF3 /* ZXYCalendarTests.m in Sources */,
			);
			runOnlyForDeploymentPostprocessing = 0;
		};
		3F25E4E11F41C2CB00D62AF3 /* Sources */ = {
			isa = PBXSourcesBuildPhase;
			buildActionMask = 2147483647;
			files = (
				3F25E4EA1F41C2CB00D62AF3 /* ZXYCalendarUITests.m in Sources */,
			);
			runOnlyForDeploymentPostprocessing = 0;
		};
/* End PBXSourcesBuildPhase section */

/* Begin PBXTargetDependency section */
		3F25E4DC1F41C2CB00D62AF3 /* PBXTargetDependency */ = {
			isa = PBXTargetDependency;
			target = 3F25E4C01F41C2CA00D62AF3 /* ZXYCalendar */;
			targetProxy = 3F25E4DB1F41C2CB00D62AF3 /* PBXContainerItemProxy */;
		};
		3F25E4E71F41C2CB00D62AF3 /* PBXTargetDependency */ = {
			isa = PBXTargetDependency;
			target = 3F25E4C01F41C2CA00D62AF3 /* ZXYCalendar */;
			targetProxy = 3F25E4E61F41C2CB00D62AF3 /* PBXContainerItemProxy */;
		};
/* End PBXTargetDependency section */

/* Begin PBXVariantGroup section */
		3F25E4CD1F41C2CA00D62AF3 /* Main.storyboard */ = {
			isa = PBXVariantGroup;
			children = (
				3F25E4CE1F41C2CA00D62AF3 /* Base */,
			);
			name = Main.storyboard;
			sourceTree = "<group>";
		};
		3F25E4D21F41C2CA00D62AF3 /* LaunchScreen.storyboard */ = {
			isa = PBXVariantGroup;
			children = (
				3F25E4D31F41C2CA00D62AF3 /* Base */,
			);
			name = LaunchScreen.storyboard;
			sourceTree = "<group>";
		};
/* End PBXVariantGroup section */

/* Begin XCBuildConfiguration section */
		3F25E4EC1F41C2CB00D62AF3 /* Debug */ = {
			isa = XCBuildConfiguration;
			buildSettings = {
				ALWAYS_SEARCH_USER_PATHS = NO;
				CLANG_ANALYZER_NONNULL = YES;
				CLANG_ANALYZER_NUMBER_OBJECT_CONVERSION = YES_AGGRESSIVE;
				CLANG_CXX_LANGUAGE_STANDARD = "gnu++0x";
				CLANG_CXX_LIBRARY = "libc++";
				CLANG_ENABLE_MODULES = YES;
				CLANG_ENABLE_OBJC_ARC = YES;
				CLANG_WARN_BOOL_CONVERSION = YES;
				CLANG_WARN_CONSTANT_CONVERSION = YES;
				CLANG_WARN_DIRECT_OBJC_ISA_USAGE = YES_ERROR;
				CLANG_WARN_DOCUMENTATION_COMMENTS = YES;
				CLANG_WARN_EMPTY_BODY = YES;
				CLANG_WARN_ENUM_CONVERSION = YES;
				CLANG_WARN_INFINITE_RECURSION = YES;
				CLANG_WARN_INT_CONVERSION = YES;
				CLANG_WARN_OBJC_ROOT_CLASS = YES_ERROR;
				CLANG_WARN_SUSPICIOUS_MOVE = YES;
				CLANG_WARN_UNREACHABLE_CODE = YES;
				CLANG_WARN__DUPLICATE_METHOD_MATCH = YES;
				"CODE_SIGN_IDENTITY[sdk=iphoneos*]" = "iPhone Developer";
				COPY_PHASE_STRIP = NO;
				DEBUG_INFORMATION_FORMAT = dwarf;
				ENABLE_STRICT_OBJC_MSGSEND = YES;
				ENABLE_TESTABILITY = YES;
				GCC_C_LANGUAGE_STANDARD = gnu99;
				GCC_DYNAMIC_NO_PIC = NO;
				GCC_NO_COMMON_BLOCKS = YES;
				GCC_OPTIMIZATION_LEVEL = 0;
				GCC_PREPROCESSOR_DEFINITIONS = (
					"DEBUG=1",
					"$(inherited)",
				);
				GCC_WARN_64_TO_32_BIT_CONVERSION = YES;
				GCC_WARN_ABOUT_RETURN_TYPE = YES_ERROR;
				GCC_WARN_UNDECLARED_SELECTOR = YES;
				GCC_WARN_UNINITIALIZED_AUTOS = YES_AGGRESSIVE;
				GCC_WARN_UNUSED_FUNCTION = YES;
				GCC_WARN_UNUSED_VARIABLE = YES;
				IPHONEOS_DEPLOYMENT_TARGET = 10.3;
				MTL_ENABLE_DEBUG_INFO = YES;
				ONLY_ACTIVE_ARCH = YES;
				SDKROOT = iphoneos;
				TARGETED_DEVICE_FAMILY = "1,2";
			};
			name = Debug;
		};
		3F25E4ED1F41C2CB00D62AF3 /* Release */ = {
			isa = XCBuildConfiguration;
			buildSettings = {
				ALWAYS_SEARCH_USER_PATHS = NO;
				CLANG_ANALYZER_NONNULL = YES;
				CLANG_ANALYZER_NUMBER_OBJECT_CONVERSION = YES_AGGRESSIVE;
				CLANG_CXX_LANGUAGE_STANDARD = "gnu++0x";
				CLANG_CXX_LIBRARY = "libc++";
				CLANG_ENABLE_MODULES = YES;
				CLANG_ENABLE_OBJC_ARC = YES;
				CLANG_WARN_BOOL_CONVERSION = YES;
				CLANG_WARN_CONSTANT_CONVERSION = YES;
				CLANG_WARN_DIRECT_OBJC_ISA_USAGE = YES_ERROR;
				CLANG_WARN_DOCUMENTATION_COMMENTS = YES;
				CLANG_WARN_EMPTY_BODY = YES;
				CLANG_WARN_ENUM_CONVERSION = YES;
				CLANG_WARN_INFINITE_RECURSION = YES;
				CLANG_WARN_INT_CONVERSION = YES;
				CLANG_WARN_OBJC_ROOT_CLASS = YES_ERROR;
				CLANG_WARN_SUSPICIOUS_MOVE = YES;
				CLANG_WARN_UNREACHABLE_CODE = YES;
				CLANG_WARN__DUPLICATE_METHOD_MATCH = YES;
				"CODE_SIGN_IDENTITY[sdk=iphoneos*]" = "iPhone Developer";
				COPY_PHASE_STRIP = NO;
				DEBUG_INFORMATION_FORMAT = "dwarf-with-dsym";
				ENABLE_NS_ASSERTIONS = NO;
				ENABLE_STRICT_OBJC_MSGSEND = YES;
				GCC_C_LANGUAGE_STANDARD = gnu99;
				GCC_NO_COMMON_BLOCKS = YES;
				GCC_WARN_64_TO_32_BIT_CONVERSION = YES;
				GCC_WARN_ABOUT_RETURN_TYPE = YES_ERROR;
				GCC_WARN_UNDECLARED_SELECTOR = YES;
				GCC_WARN_UNINITIALIZED_AUTOS = YES_AGGRESSIVE;
				GCC_WARN_UNUSED_FUNCTION = YES;
				GCC_WARN_UNUSED_VARIABLE = YES;
				IPHONEOS_DEPLOYMENT_TARGET = 10.3;
				MTL_ENABLE_DEBUG_INFO = NO;
				SDKROOT = iphoneos;
				TARGETED_DEVICE_FAMILY = "1,2";
				VALIDATE_PRODUCT = YES;
			};
			name = Release;
		};
		3F25E4EF1F41C2CB00D62AF3 /* Debug */ = {
			isa = XCBuildConfiguration;
			buildSettings = {
				ASSETCATALOG_COMPILER_APPICON_NAME = AppIcon;
				INFOPLIST_FILE = ZXYCalendar/Info.plist;
				LD_RUNPATH_SEARCH_PATHS = "$(inherited) @executable_path/Frameworks";
				PRODUCT_BUNDLE_IDENTIFIER = zhou.ZXYCalendar;
				PRODUCT_NAME = "$(TARGET_NAME)";
			};
			name = Debug;
		};
		3F25E4F01F41C2CB00D62AF3 /* Release */ = {
			isa = XCBuildConfiguration;
			buildSettings = {
				ASSETCATALOG_COMPILER_APPICON_NAME = AppIcon;
				INFOPLIST_FILE = ZXYCalendar/Info.plist;
				LD_RUNPATH_SEARCH_PATHS = "$(inherited) @executable_path/Frameworks";
				PRODUCT_BUNDLE_IDENTIFIER = zhou.ZXYCalendar;
				PRODUCT_NAME = "$(TARGET_NAME)";
			};
			name = Release;
		};
		3F25E4F21F41C2CB00D62AF3 /* Debug */ = {
			isa = XCBuildConfiguration;
			buildSettings = {
				BUNDLE_LOADER = "$(TEST_HOST)";
				INFOPLIST_FILE = ZXYCalendarTests/Info.plist;
				LD_RUNPATH_SEARCH_PATHS = "$(inherited) @executable_path/Frameworks @loader_path/Frameworks";
				PRODUCT_BUNDLE_IDENTIFIER = zhou.ZXYCalendarTests;
				PRODUCT_NAME = "$(TARGET_NAME)";
				TEST_HOST = "$(BUILT_PRODUCTS_DIR)/ZXYCalendar.app/ZXYCalendar";
			};
			name = Debug;
		};
		3F25E4F31F41C2CB00D62AF3 /* Release */ = {
			isa = XCBuildConfiguration;
			buildSettings = {
				BUNDLE_LOADER = "$(TEST_HOST)";
				INFOPLIST_FILE = ZXYCalendarTests/Info.plist;
				LD_RUNPATH_SEARCH_PATHS = "$(inherited) @executable_path/Frameworks @loader_path/Frameworks";
				PRODUCT_BUNDLE_IDENTIFIER = zhou.ZXYCalendarTests;
				PRODUCT_NAME = "$(TARGET_NAME)";
				TEST_HOST = "$(BUILT_PRODUCTS_DIR)/ZXYCalendar.app/ZXYCalendar";
			};
			name = Release;
		};
		3F25E4F51F41C2CB00D62AF3 /* Debug */ = {
			isa = XCBuildConfiguration;
			buildSettings = {
				INFOPLIST_FILE = ZXYCalendarUITests/Info.plist;
				LD_RUNPATH_SEARCH_PATHS = "$(inherited) @executable_path/Frameworks @loader_path/Frameworks";
				PRODUCT_BUNDLE_IDENTIFIER = zhou.ZXYCalendarUITests;
				PRODUCT_NAME = "$(TARGET_NAME)";
				TEST_TARGET_NAME = ZXYCalendar;
			};
			name = Debug;
		};
		3F25E4F61F41C2CB00D62AF3 /* Release */ = {
			isa = XCBuildConfiguration;
			buildSettings = {
				INFOPLIST_FILE = ZXYCalendarUITests/Info.plist;
				LD_RUNPATH_SEARCH_PATHS = "$(inherited) @executable_path/Frameworks @loader_path/Frameworks";
				PRODUCT_BUNDLE_IDENTIFIER = zhou.ZXYCalendarUITests;
				PRODUCT_NAME = "$(TARGET_NAME)";
				TEST_TARGET_NAME = ZXYCalendar;
			};
			name = Release;
		};
/* End XCBuildConfiguration section */

/* Begin XCConfigurationList section */
		3F25E4BC1F41C2CA00D62AF3 /* Build configuration list for PBXProject "ZXYCalendar" */ = {
			isa = XCConfigurationList;
			buildConfigurations = (
				3F25E4EC1F41C2CB00D62AF3 /* Debug */,
				3F25E4ED1F41C2CB00D62AF3 /* Release */,
			);
			defaultConfigurationIsVisible = 0;
			defaultConfigurationName = Release;
		};
		3F25E4EE1F41C2CB00D62AF3 /* Build configuration list for PBXNativeTarget "ZXYCalendar" */ = {
			isa = XCConfigurationList;
			buildConfigurations = (
				3F25E4EF1F41C2CB00D62AF3 /* Debug */,
				3F25E4F01F41C2CB00D62AF3 /* Release */,
			);
			defaultConfigurationIsVisible = 0;
		};
		3F25E4F11F41C2CB00D62AF3 /* Build configuration list for PBXNativeTarget "ZXYCalendarTests" */ = {
			isa = XCConfigurationList;
			buildConfigurations = (
				3F25E4F21F41C2CB00D62AF3 /* Debug */,
				3F25E4F31F41C2CB00D62AF3 /* Release */,
			);
			defaultConfigurationIsVisible = 0;
		};
		3F25E4F41F41C2CB00D62AF3 /* Build configuration list for PBXNativeTarget "ZXYCalendarUITests" */ = {
			isa = XCConfigurationList;
			buildConfigurations = (
				3F25E4F51F41C2CB00D62AF3 /* Debug */,
				3F25E4F61F41C2CB00D62AF3 /* Release */,
			);
			defaultConfigurationIsVisible = 0;
		};
/* End XCConfigurationList section */
	};
	rootObject = 3F25E4B91F41C2CA00D62AF3 /* Project object */;
}
